// !$*UTF8*$!
{
	archiveVersion = 1;
	classes = {
	};
	objectVersion = 48;
	objects = {

/* Begin PBXBuildFile section */
		FA4216CE200F0328002001E7 /* Product.swift in Sources */ = {isa = PBXBuildFile; fileRef = FA4216CD200F0328002001E7 /* Product.swift */; };
		FA4216D2200F0C13002001E7 /* ProductsVC.swift in Sources */ = {isa = PBXBuildFile; fileRef = FA4216D1200F0C13002001E7 /* ProductsVC.swift */; };
		FA4216D4200F1176002001E7 /* ProductCell.swift in Sources */ = {isa = PBXBuildFile; fileRef = FA4216D3200F1176002001E7 /* ProductCell.swift */; };
		FA6115972004EA9D00D2E6AF /* Category.swift in Sources */ = {isa = PBXBuildFile; fileRef = FA6115962004EA9D00D2E6AF /* Category.swift */; };
		FA61159A2004EB4F00D2E6AF /* DataService.swift in Sources */ = {isa = PBXBuildFile; fileRef = FA6115992004EB4F00D2E6AF /* DataService.swift */; };
		FA826A00200347AD00A3D2D7 /* AppDelegate.swift in Sources */ = {isa = PBXBuildFile; fileRef = FA8269FF200347AD00A3D2D7 /* AppDelegate.swift */; };
		FA826A02200347AD00A3D2D7 /* CategoryVC.swift in Sources */ = {isa = PBXBuildFile; fileRef = FA826A01200347AD00A3D2D7 /* CategoryVC.swift */; };
		FA826A05200347AD00A3D2D7 /* Main.storyboard in Resources */ = {isa = PBXBuildFile; fileRef = FA826A03200347AD00A3D2D7 /* Main.storyboard */; };
		FA826A07200347AD00A3D2D7 /* Assets.xcassets in Resources */ = {isa = PBXBuildFile; fileRef = FA826A06200347AD00A3D2D7 /* Assets.xcassets */; };
		FA826A0A200347AD00A3D2D7 /* LaunchScreen.storyboard in Resources */ = {isa = PBXBuildFile; fileRef = FA826A08200347AD00A3D2D7 /* LaunchScreen.storyboard */; };
		FA99F5C42003526A007C73E8 /* CategoryCell.swift in Sources */ = {isa = PBXBuildFile; fileRef = FA99F5C32003526A007C73E8 /* CategoryCell.swift */; };
/* End PBXBuildFile section */

/* Begin PBXFileReference section */
		FA4216CD200F0328002001E7 /* Product.swift */ = {isa = PBXFileReference; lastKnownFileType = sourcecode.swift; path = Product.swift; sourceTree = "<group>"; };
		FA4216D1200F0C13002001E7 /* ProductsVC.swift */ = {isa = PBXFileReference; lastKnownFileType = sourcecode.swift; path = ProductsVC.swift; sourceTree = "<group>"; };
		FA4216D3200F1176002001E7 /* ProductCell.swift */ = {isa = PBXFileReference; lastKnownFileType = sourcecode.swift; path = ProductCell.swift; sourceTree = "<group>"; };
		FA6115962004EA9D00D2E6AF /* Category.swift */ = {isa = PBXFileReference; lastKnownFileType = sourcecode.swift; path = Category.swift; sourceTree = "<group>"; };
		FA6115992004EB4F00D2E6AF /* DataService.swift */ = {isa = PBXFileReference; lastKnownFileType = sourcecode.swift; path = DataService.swift; sourceTree = "<group>"; };
		FA8269FC200347AD00A3D2D7 /* coderSwag.app */ = {isa = PBXFileReference; explicitFileType = wrapper.application; includeInIndex = 0; path = coderSwag.app; sourceTree = BUILT_PRODUCTS_DIR; };
		FA8269FF200347AD00A3D2D7 /* AppDelegate.swift */ = {isa = PBXFileReference; lastKnownFileType = sourcecode.swift; path = AppDelegate.swift; sourceTree = "<group>"; };
		FA826A01200347AD00A3D2D7 /* CategoryVC.swift */ = {isa = PBXFileReference; lastKnownFileType = sourcecode.swift; path = CategoryVC.swift; sourceTree = "<group>"; };
		FA826A04200347AD00A3D2D7 /* Base */ = {isa = PBXFileReference; lastKnownFileType = file.storyboard; name = Base; path = Base.lproj/Main.storyboard; sourceTree = "<group>"; };
		FA826A06200347AD00A3D2D7 /* Assets.xcassets */ = {isa = PBXFileReference; lastKnownFileType = folder.assetcatalog; path = Assets.xcassets; sourceTree = "<group>"; };
		FA826A09200347AD00A3D2D7 /* Base */ = {isa = PBXFileReference; lastKnownFileType = file.storyboard; name = Base; path = Base.lproj/LaunchScreen.storyboard; sourceTree = "<group>"; };
		FA826A0B200347AD00A3D2D7 /* Info.plist */ = {isa = PBXFileReference; lastKnownFileType = text.plist.xml; path = Info.plist; sourceTree = "<group>"; };
		FA99F5C32003526A007C73E8 /* CategoryCell.swift */ = {isa = PBXFileReference; lastKnownFileType = sourcecode.swift; path = CategoryCell.swift; sourceTree = "<group>"; };
/* End PBXFileReference section */

/* Begin PBXFrameworksBuildPhase section */
		FA8269F9200347AD00A3D2D7 /* Frameworks */ = {
			isa = PBXFrameworksBuildPhase;
			buildActionMask = 2147483647;
			files = (
			);
			runOnlyForDeploymentPostprocessing = 0;
		};
/* End PBXFrameworksBuildPhase section */

/* Begin PBXGroup section */
		FA6115982004EB4400D2E6AF /* Service */ = {
			isa = PBXGroup;
			children = (
				FA6115992004EB4F00D2E6AF /* DataService.swift */,
			);
			path = Service;
			sourceTree = "<group>";
		};
		FA8269F3200347AD00A3D2D7 = {
			isa = PBXGroup;
			children = (
				FA8269FE200347AD00A3D2D7 /* coderSwag */,
				FA8269FD200347AD00A3D2D7 /* Products */,
			);
			sourceTree = "<group>";
		};
		FA8269FD200347AD00A3D2D7 /* Products */ = {
			isa = PBXGroup;
			children = (
				FA8269FC200347AD00A3D2D7 /* coderSwag.app */,
			);
			name = Products;
			sourceTree = "<group>";
		};
		FA8269FE200347AD00A3D2D7 /* coderSwag */ = {
			isa = PBXGroup;
			children = (
				FA6115982004EB4400D2E6AF /* Service */,
				FA826A122003481D00A3D2D7 /* Model */,
				FA826A112003480F00A3D2D7 /* View */,
				FA826A132003482300A3D2D7 /* Controller */,
				FA8269FF200347AD00A3D2D7 /* AppDelegate.swift */,
				FA826A03200347AD00A3D2D7 /* Main.storyboard */,
				FA826A06200347AD00A3D2D7 /* Assets.xcassets */,
				FA826A08200347AD00A3D2D7 /* LaunchScreen.storyboard */,
				FA826A0B200347AD00A3D2D7 /* Info.plist */,
			);
			path = coderSwag;
			sourceTree = "<group>";
		};
		FA826A112003480F00A3D2D7 /* View */ = {
			isa = PBXGroup;
			children = (
				FA99F5C32003526A007C73E8 /* CategoryCell.swift */,
				FA4216D3200F1176002001E7 /* ProductCell.swift */,
			);
			path = View;
			sourceTree = "<group>";
		};
		FA826A122003481D00A3D2D7 /* Model */ = {
			isa = PBXGroup;
			children = (
				FA6115962004EA9D00D2E6AF /* Category.swift */,
				FA4216CD200F0328002001E7 /* Product.swift */,
			);
			path = Model;
			sourceTree = "<group>";
		};
		FA826A132003482300A3D2D7 /* Controller */ = {
			isa = PBXGroup;
			children = (
				FA826A01200347AD00A3D2D7 /* CategoryVC.swift */,
				FA4216D1200F0C13002001E7 /* ProductsVC.swift */,
			);
			path = Controller;
			sourceTree = "<group>";
		};
/* End PBXGroup section */

/* Begin PBXNativeTarget section */
		FA8269FB200347AD00A3D2D7 /* coderSwag */ = {
			isa = PBXNativeTarget;
			buildConfigurationList = FA826A0E200347AD00A3D2D7 /* Build configuration list for PBXNativeTarget "coderSwag" */;
			buildPhases = (
				FA8269F8200347AD00A3D2D7 /* Sources */,
				FA8269F9200347AD00A3D2D7 /* Frameworks */,
				FA8269FA200347AD00A3D2D7 /* Resources */,
			);
			buildRules = (
			);
			dependencies = (
			);
			name = coderSwag;
			productName = coderSwag;
			productReference = FA8269FC200347AD00A3D2D7 /* coderSwag.app */;
			productType = "com.apple.product-type.application";
		};
/* End PBXNativeTarget section */

/* Begin PBXProject section */
		FA8269F4200347AD00A3D2D7 /* Project object */ = {
			isa = PBXProject;
			attributes = {
				LastSwiftUpdateCheck = 0920;
				LastUpgradeCheck = 0920;
				ORGANIZATIONNAME = "Duong Dang Hoang";
				TargetAttributes = {
					FA8269FB200347AD00A3D2D7 = {
						CreatedOnToolsVersion = 9.2;
						ProvisioningStyle = Automatic;
					};
				};
			};
			buildConfigurationList = FA8269F7200347AD00A3D2D7 /* Build configuration list for PBXProject "coderSwag" */;
			compatibilityVersion = "Xcode 8.0";
			developmentRegion = en;
			hasScannedForEncodings = 0;
			knownRegions = (
				en,
				Base,
			);
			mainGroup = FA8269F3200347AD00A3D2D7;
			productRefGroup = FA8269FD200347AD00A3D2D7 /* Products */;
			projectDirPath = "";
			projectRoot = "";
			targets = (
				FA8269FB200347AD00A3D2D7 /* coderSwag */,
			);
		};
/* End PBXProject section */

/* Begin PBXResourcesBuildPhase section */
		FA8269FA200347AD00A3D2D7 /* Resources */ = {
			isa = PBXResourcesBuildPhase;
			buildActionMask = 2147483647;
			files = (
				FA826A0A200347AD00A3D2D7 /* LaunchScreen.storyboard in Resources */,
				FA826A07200347AD00A3D2D7 /* Assets.xcassets in Resources */,
				FA826A05200347AD00A3D2D7 /* Main.storyboard in Resources */,
			);
			runOnlyForDeploymentPostprocessing = 0;
		};
/* End PBXResourcesBuildPhase section */

/* Begin PBXSourcesBuildPhase section */
		FA8269F8200347AD00A3D2D7 /* Sources */ = {
			isa = PBXSourcesBuildPhase;
			buildActionMask = 2147483647;
			files = (
				FA826A02200347AD00A3D2D7 /* CategoryVC.swift in Sources */,
				FA826A00200347AD00A3D2D7 /* AppDelegate.swift in Sources */,
				FA99F5C42003526A007C73E8 /* CategoryCell.swift in Sources */,
				FA6115972004EA9D00D2E6AF /* Category.swift in Sources */,
				FA4216D2200F0C13002001E7 /* ProductsVC.swift in Sources */,
				FA4216D4200F1176002001E7 /* ProductCell.swift in Sources */,
				FA61159A2004EB4F00D2E6AF /* DataService.swift in Sources */,
				FA4216CE200F0328002001E7 /* Product.swift in Sources */,
			);
			runOnlyForDeploymentPostprocessing = 0;
		};
/* End PBXSourcesBuildPhase section */

/* Begin PBXVariantGroup section */
		FA826A03200347AD00A3D2D7 /* Main.storyboard */ = {
			isa = PBXVariantGroup;
			children = (
				FA826A04200347AD00A3D2D7 /* Base */,
			);
			name = Main.storyboard;
			sourceTree = "<group>";
		};
		FA826A08200347AD00A3D2D7 /* LaunchScreen.storyboard */ = {
			isa = PBXVariantGroup;
			children = (
				FA826A09200347AD00A3D2D7 /* Base */,
			);
			name = LaunchScreen.storyboard;
			sourceTree = "<group>";
		};
/* End PBXVariantGroup section */

/* Begin XCBuildConfiguration section */
		FA826A0C200347AD00A3D2D7 /* Debug */ = {
			isa = XCBuildConfiguration;
			buildSettings = {
				ALWAYS_SEARCH_USER_PATHS = NO;
				CLANG_ANALYZER_NONNULL = YES;
				CLANG_ANALYZER_NUMBER_OBJECT_CONVERSION = YES_AGGRESSIVE;
				CLANG_CXX_LANGUAGE_STANDARD = "gnu++14";
				CLANG_CXX_LIBRARY = "libc++";
				CLANG_ENABLE_MODULES = YES;
				CLANG_ENABLE_OBJC_ARC = YES;
				CLANG_WARN_BLOCK_CAPTURE_AUTORELEASING = YES;
				CLANG_WARN_BOOL_CONVERSION = YES;
				CLANG_WARN_COMMA = YES;
				CLANG_WARN_CONSTANT_CONVERSION = YES;
				CLANG_WARN_DIRECT_OBJC_ISA_USAGE = YES_ERROR;
				CLANG_WARN_DOCUMENTATION_COMMENTS = YES;
				CLANG_WARN_EMPTY_BODY = YES;
				CLANG_WARN_ENUM_CONVERSION = YES;
				CLANG_WARN_INFINITE_RECURSION = YES;
				CLANG_WARN_INT_CONVERSION = YES;
				CLANG_WARN_NON_LITERAL_NULL_CONVERSION = YES;
				CLANG_WARN_OBJC_LITERAL_CONVERSION = YES;
				CLANG_WARN_OBJC_ROOT_CLASS = YES_ERROR;
				CLANG_WARN_RANGE_LOOP_ANALYSIS = YES;
				CLANG_WARN_STRICT_PROTOTYPES = YES;
				CLANG_WARN_SUSPICIOUS_MOVE = YES;
				CLANG_WARN_UNGUARDED_AVAILABILITY = YES_AGGRESSIVE;
				CLANG_WARN_UNREACHABLE_CODE = YES;
				CLANG_WARN__DUPLICATE_METHOD_MATCH = YES;
				CODE_SIGN_IDENTITY = "iPhone Developer";
				COPY_PHASE_STRIP = NO;
				DEBUG_INFORMATION_FORMAT = dwarf;
				ENABLE_STRICT_OBJC_MSGSEND = YES;
				ENABLE_TESTABILITY = YES;
				GCC_C_LANGUAGE_STANDARD = gnu11;
				GCC_DYNAMIC_NO_PIC = NO;
				GCC_NO_COMMON_BLOCKS = YES;
				GCC_OPTIMIZATION_LEVEL = 0;
				GCC_PREPROCESSOR_DEFINITIONS = (
					"DEBUG=1",
					"$(inherited)",
				);
				GCC_WARN_64_TO_32_BIT_CONVERSION = YES;
				GCC_WARN_ABOUT_RETURN_TYPE = YES_ERROR;
				GCC_WARN_UNDECLARED_SELECTOR = YES;
				GCC_WARN_UNINITIALIZED_AUTOS = YES_AGGRESSIVE;
				GCC_WARN_UNUSED_FUNCTION = YES;
				GCC_WARN_UNUSED_VARIABLE = YES;
				IPHONEOS_DEPLOYMENT_TARGET = 11.2;
				MTL_ENABLE_DEBUG_INFO = YES;
				ONLY_ACTIVE_ARCH = YES;
				SDKROOT = iphoneos;
				SWIFT_ACTIVE_COMPILATION_CONDITIONS = DEBUG;
				SWIFT_OPTIMIZATION_LEVEL = "-Onone";
			};
			name = Debug;
		};
		FA826A0D200347AD00A3D2D7 /* Release */ = {
			isa = XCBuildConfiguration;
			buildSettings = {
				ALWAYS_SEARCH_USER_PATHS = NO;
				CLANG_ANALYZER_NONNULL = YES;
				CLANG_ANALYZER_NUMBER_OBJECT_CONVERSION = YES_AGGRESSIVE;
				CLANG_CXX_LANGUAGE_STANDARD = "gnu++14";
				CLANG_CXX_LIBRARY = "libc++";
				CLANG_ENABLE_MODULES = YES;
				CLANG_ENABLE_OBJC_ARC = YES;
				CLANG_WARN_BLOCK_CAPTURE_AUTORELEASING = YES;
				CLANG_WARN_BOOL_CONVERSION = YES;
				CLANG_WARN_COMMA = YES;
				CLANG_WARN_CONSTANT_CONVERSION = YES;
				CLANG_WARN_DIRECT_OBJC_ISA_USAGE = YES_ERROR;
				CLANG_WARN_DOCUMENTATION_COMMENTS = YES;
				CLANG_WARN_EMPTY_BODY = YES;
				CLANG_WARN_ENUM_CONVERSION = YES;
				CLANG_WARN_INFINITE_RECURSION = YES;
				CLANG_WARN_INT_CONVERSION = YES;
				CLANG_WARN_NON_LITERAL_NULL_CONVERSION = YES;
				CLANG_WARN_OBJC_LITERAL_CONVERSION = YES;
				CLANG_WARN_OBJC_ROOT_CLASS = YES_ERROR;
				CLANG_WARN_RANGE_LOOP_ANALYSIS = YES;
				CLANG_WARN_STRICT_PROTOTYPES = YES;
				CLANG_WARN_SUSPICIOUS_MOVE = YES;
				CLANG_WARN_UNGUARDED_AVAILABILITY = YES_AGGRESSIVE;
				CLANG_WARN_UNREACHABLE_CODE = YES;
				CLANG_WARN__DUPLICATE_METHOD_MATCH = YES;
				CODE_SIGN_IDENTITY = "iPhone Developer";
				COPY_PHASE_STRIP = NO;
				DEBUG_INFORMATION_FORMAT = "dwarf-with-dsym";
				ENABLE_NS_ASSERTIONS = NO;
				ENABLE_STRICT_OBJC_MSGSEND = YES;
				GCC_C_LANGUAGE_STANDARD = gnu11;
				GCC_NO_COMMON_BLOCKS = YES;
				GCC_WARN_64_TO_32_BIT_CONVERSION = YES;
				GCC_WARN_ABOUT_RETURN_TYPE = YES_ERROR;
				GCC_WARN_UNDECLARED_SELECTOR = YES;
				GCC_WARN_UNINITIALIZED_AUTOS = YES_AGGRESSIVE;
				GCC_WARN_UNUSED_FUNCTION = YES;
				GCC_WARN_UNUSED_VARIABLE = YES;
				IPHONEOS_DEPLOYMENT_TARGET = 11.2;
				MTL_ENABLE_DEBUG_INFO = NO;
				SDKROOT = iphoneos;
				SWIFT_OPTIMIZATION_LEVEL = "-Owholemodule";
				VALIDATE_PRODUCT = YES;
			};
			name = Release;
		};
		FA826A0F200347AD00A3D2D7 /* Debug */ = {
			isa = XCBuildConfiguration;
			buildSettings = {
				ASSETCATALOG_COMPILER_APPICON_NAME = AppIcon;
				CODE_SIGN_STYLE = Automatic;
				INFOPLIST_FILE = coderSwag/Info.plist;
				LD_RUNPATH_SEARCH_PATHS = "$(inherited) @executable_path/Frameworks";
				PRODUCT_BUNDLE_IDENTIFIER = alex.coderSwag;
				PRODUCT_NAME = "$(TARGET_NAME)";
				SWIFT_VERSION = 4.0;
				TARGETED_DEVICE_FAMILY = "1,2";
			};
			name = Debug;
		};
		FA826A10200347AD00A3D2D7 /* Release */ = {
			isa = XCBuildConfiguration;
			buildSettings = {
				ASSETCATALOG_COMPILER_APPICON_NAME = AppIcon;
				CODE_SIGN_STYLE = Automatic;
				INFOPLIST_FILE = coderSwag/Info.plist;
				LD_RUNPATH_SEARCH_PATHS = "$(inherited) @executable_path/Frameworks";
				PRODUCT_BUNDLE_IDENTIFIER = alex.coderSwag;
				PRODUCT_NAME = "$(TARGET_NAME)";
				SWIFT_VERSION = 4.0;
				TARGETED_DEVICE_FAMILY = "1,2";
			};
			name = Release;
		};
/* End XCBuildConfiguration section */

/* Begin XCConfigurationList section */
		FA8269F7200347AD00A3D2D7 /* Build configuration list for PBXProject "coderSwag" */ = {
			isa = XCConfigurationList;
			buildConfigurations = (
				FA826A0C200347AD00A3D2D7 /* Debug */,
				FA826A0D200347AD00A3D2D7 /* Release */,
			);
			defaultConfigurationIsVisible = 0;
			defaultConfigurationName = Release;
		};
		FA826A0E200347AD00A3D2D7 /* Build configuration list for PBXNativeTarget "coderSwag" */ = {
			isa = XCConfigurationList;
			buildConfigurations = (
				FA826A0F200347AD00A3D2D7 /* Debug */,
				FA826A10200347AD00A3D2D7 /* Release */,
			);
			defaultConfigurationIsVisible = 0;
			defaultConfigurationName = Release;
		};
/* End XCConfigurationList section */
	};
	rootObject = FA8269F4200347AD00A3D2D7 /* Project object */;
}
